github.com/davecgh/go-spew v1.1.0 h1:ZDRjVQ15GmhC3fiQ8ni8+OwkZQO4DARzQgrnXU1Liz8=
github.com/davecgh/go-spew v1.1.0/go.mod h1:J7Y8YcW2NihsgmVo/mv3lAwl/skON4iLHjSsI+c5H38=
github.com/gin-gonic/gin v0.0.0-20150626140855-4cc2de6207f4 h1:ufr+93X0/9xTNvObfvbHsEkgCk8BrhmUH83Z8YIhzXE=
github.com/gin-gonic/gin v0.0.0-20150626140855-4cc2de6207f4/go.mod h1:7cKuhb5qV2ggCFctp2fJQ+ErvciLZrIeoOSOm6mUr7Y=
github.com/google/uuid v1.3.0 h1:t6JiXgmwXMjEs8VusXIJk2BXHsn+wx8BZdTaoZ5fu7I=
github.com/google/uuid v1.3.0/go.mod h1:TIyPZe4MgqvfeYDBFedMoGGpEw/LqOeaOT+nhxU+yHo=
github.com/heroku/x v0.0.0-20171004170240-705849e307dd h1:zn29UrzyUeQgqxBGXIwQqQJf75IiK4aeCtO5q1V2Vyo=
github.com/heroku/x v0.0.0-20171004170240-705849e307dd/go.mod h1:opmAyjmIGn9/Y+9Nia6eIaktIXIoMhhFXEFbHLMsX3Y=
github.com/jayluxferro/ghanapostgps v1.0.0 h1:uso6KBKSDsZjZasauypUW/1Mtwa+zsJ0ZnoIJNPmYpQ=
github.com/jayluxferro/ghanapostgps v1.0.0/go.mod h1:jJAL0wvw2SxsO74JGnDGHIHF3w6a6dwtCUs2LKm5g3U=
github.com/jayluxferro/ghanapostgps v1.0.1 h1:7p33ZPNrf3ELHwRjl7jEZfgiQGNkFmUv0+jLV0fXDOk=
github.com/jayluxferro/ghanapostgps v1.0.1/go.mod h1:jJAL0wvw2SxsO74JGnDGHIHF3w6a6dwtCUs2LKm5g3U=
github.com/jayluxferro/ghanapostgps v1.0.2 h1:MilSPJC2hIHhecrGZ1SQqsgoDEcgRR8AuvUDlqO00zg=
github.com/jayluxferro/ghanapostgps v1.0.2/go.mod h1:jJAL0wvw2SxsO74JGnDGHIHF3w6a6dwtCUs2LKm5g3U=
github.com/jayluxferro/ghanapostgps v1.0.3 h1:6kkuABxdlqz7pM91XQTM63aCxZVi/tYlqelZRxZCkW0=
github.com/jayluxferro/ghanapostgps v1.0.3/go.mod h1:jJAL0wvw2SxsO74JGnDGHIHF3w6a6dwtCUs2LKm5g3U=
github.com/jayluxferro/ghanapostgps v1.0.4 h1:+zAzRMhP8lD6q6EuYFJkFzCCoXHw9IpJCGcDThxnj9E=
github.com/jayluxferro/ghanapostgps v1.0.4/go.mod h1:jJAL0wvw2SxsO74JGnDGHIHF3w6a6dwtCUs2LKm5g3U=
github.com/jayluxferro/ghanapostgps v1.0.5 h1:kSBgAqOrbYzhyhKbik6IAZDu+ABC9dH+gHmAgUpBqLY=
github.com/jayluxferro/ghanapostgps v1.0.5/go.mod h1:jJAL0wvw2SxsO74JGnDGHIHF3w6a6dwtCUs2LKm5g3U=
github.com/jayluxferro/ghanapostgps v1.0.6 h1:UGAhqmPXzHV74y2ZFiK03sbT/JOmeVSBl9OJ09VLjXw=
github.com/jayluxferro/ghanapostgps v1.0.6/go.mod h1:jJAL0wvw2SxsO74JGnDGHIHF3w6a6dwtCUs2LKm5g3U=
github.com/jayluxferro/ghanapostgps v1.0.7 h1:pm1Dkoh2Qr/qtgaVbjHycM2fR9Vf3QxJIQ5/F+x3WaY=
github.com/jayluxferro/ghanapostgps v1.0.7/go.mod h1:jJAL0wvw2SxsO74JGnDGHIHF3w6a6dwtCUs2LKm5g3U=
github.com/jayluxferro/ghanapostgps v1.0.9 h1:KLff/AVuyD7o/FTnbmRHJHiyASJYM2IYU+9MYUCn9Og=
github.com/jayluxferro/ghanapostgps v1.0.9/go.mod h1:yMxm8x2NwUSJK1exqemzkQz+SVxAr8LgTSmqnOc5f40=
github.com/jayluxferro/ghanapostgps v1.1.0 h1:prYodRO7+vco+gGu9Gue4M4dHoIHNdcimj6MJP92T1Y=
github.com/jayluxferro/ghanapostgps v1.1.0/go.mod h1:a8j3V6R7FmO6sT/m0V4U0TIssJyNrR2yHQidhHVWtgE=
github.com/joho/godotenv v1.3.0 h1:Zjp+RcGpHhGlrMbJzXTrZZPrWj+1vfm90La1wgB6Bhc=
github.com/joho/godotenv v1.3.0/go.mod h1:7hK45KPybAkOC6peb+G5yklZfMxEjkZhHbwpqxOKXbg=
github.com/manucorporat/sse v0.0.0-20160126180136-ee05b128a739 h1:ykXz+pRRTibcSjG1yRhpdSHInF8yZY/mfn+Rz2Nd1rE=
github.com/manucorporat/sse v0.0.0-20160126180136-ee05b128a739/go.mod h1:zUx1mhth20V3VKgL5jbd1BSQcW4Fy6Qs4PZvQwRFwzM=
github.com/mattn/go-colorable v0.1.7 h1:bQGKb3vps/j0E9GfJQ03JyhRuxsvdAanXlT9BTw3mdw=
github.com/mattn/go-colorable v0.1.7/go.mod h1:u6P/XSegPjTcexA+o6vUJrdnUu04hMope9wVRipJSqc=
github.com/mattn/go-isatty v0.0.12 h1:wuysRhFDzyxgEmMf5xjvJ2M9dZoWAXNNr5LSBS7uHXY=
github.com/mattn/go-isatty v0.0.12/go.mod h1:cbi8OIDigv2wuxKPP5vlRcQ1OAZbq2CE4Kysco4FUpU=
github.com/pmezard/go-difflib v1.0.0 h1:4DBwDE0NGyQoBHbLQYPwSUPoCMWR5BEzIk/f1lZbAQM=
github.com/pmezard/go-difflib v1.0.0/go.mod h1:iKH77koFhYxTK1pcRnkKkqfTogsbg7gZNVY4sRDYZ/4=
github.com/stretchr/objx v0.1.0/go.mod h1:HFkY916IF+rwdDfMAkV7OtwuqBVzrE8GR6GFx+wExME=
github.com/stretchr/testify v1.6.1 h1:hDPOHmpOpP40lSULcqw7IrRb/u7w6RpDC9399XyoNd0=
github.com/stretchr/testify v1.6.1/go.mod h1:6Fq8oRcR53rry900zMqJjRRixrwX3KX962/h/Wwjteg=
golang.org/x/net v0.0.0-20150629084131-d9558e5c97f8 h1:NnqNZS6fS9JZOjzXyL3/g0j4bEm1B7HCkiVH9F5Zu8U=
golang.org/x/net v0.0.0-20150629084131-d9558e5c97f8/go.mod h1:mL1N/T3taQHkDXs73rZJwtUhF3w3ftmwwsq0BUmARs4=
golang.org/x/sys v0.0.0-20200116001909-b77594299b42/go.mod h1:h1NjWce9XRLGQEsW7wpKNCjG9DtNlClVuFLEZdDNbEs=
golang.org/x/sys v0.0.0-20200223170610-d5e6a3e2c0ae h1:/WDfKMnPU+m5M4xB+6x4kaepxRw6jWvR5iDRdvjHgy8=
golang.org/x/sys v0.0.0-20200223170610-d5e6a3e2c0ae/go.mod h1:h1NjWce9XRLGQEsW7wpKNCjG9DtNlClVuFLEZdDNbEs=
gopkg.in/bluesuncorp/validator.v5 v5.10.3 h1:clgxLhQVQIE5krWHyYuqJralvQ9SkkTh3AdZGeQL2D4=
gopkg.in/bluesuncorp/validator.v5 v5.10.3/go.mod h1:ScQmud/GM3iSR85jRE+8BI8E8oFv5oj4qyd5Xaw7hgE=
gopkg.in/check.v1 v0.0.0-20161208181325-20d25e280405 h1:yhCVgyC4o1eVCa2tZl7eS0r+SDo693bJlVdllGtEeKM=
gopkg.in/check.v1 v0.0.0-20161208181325-20d25e280405/go.mod h1:Co6ibVJAznAaIkqp8huTwlJQCZ016jof/cbN4VW5Yz0=
gopkg.in/yaml.v3 v3.0.0-20200313102051-9f266ea9e77c h1:dUUwHk2QECo/6vqA44rthZ8ie2QXMNeKRTHCNY2nXvo=
gopkg.in/yaml.v3 v3.0.0-20200313102051-9f266ea9e77c/go.mod h1:K4uyk7z7BCEPqu6E+C64Yfv1cQ7kz7rIZviUmN+EgEM=
